
Microsoft Visual Studio Solution File, Format Version 12.00
# Visual Studio Version 17
VisualStudioVersion = 17.5.002.0
MinimumVisualStudioVersion = 10.0.40219.1
Project("{9A19103F-16F7-4668-BE54-9A1E7A4F7556}") = "MiApi", "MiApi.csproj", "{68FDCBBA-7259-4F68-AA97-4C33BB5D6FB0}"
EndProject
Global
	GlobalSection(SolutionConfigurationPlatforms) = preSolution
		Debug|Any CPU = Debug|Any CPU
		Release|Any CPU = Release|Any CPU
	EndGlobalSection
	GlobalSection(ProjectConfigurationPlatforms) = postSolution
		{68FDCBBA-7259-4F68-AA97-4C33BB5D6FB0}.Debug|Any CPU.ActiveCfg = Debug|Any CPU
		{68FDCBBA-7259-4F68-AA97-4C33BB5D6FB0}.Debug|Any CPU.Build.0 = Debug|Any CPU
		{68FDCBBA-7259-4F68-AA97-4C33BB5D6FB0}.Release|Any CPU.ActiveCfg = Release|Any CPU
		{68FDCBBA-7259-4F68-AA97-4C33BB5D6FB0}.Release|Any CPU.Build.0 = Release|Any CPU
	EndGlobalSection
	GlobalSection(SolutionProperties) = preSolution
		HideSolutionNode = FALSE
	EndGlobalSection
	GlobalSection(ExtensibilityGlobals) = postSolution
		SolutionGuid = {2E8CA89A-9D0A-440F-969D-CC853F4E84FF}
	EndGlobalSection
EndGlobal
